
Microsoft Visual Studio Solution File, Format Version 12.00
# Visual Studio Version 17
VisualStudioVersion = 17.10.34928.147
MinimumVisualStudioVersion = 10.0.40219.1
Project("{9A19103F-16F7-4668-BE54-9A1E7A4F7556}") = "sauceDemoTest", "sauceLabsTest\sauceDemoTest.csproj", "{45B6CDF0-04A4-4DC7-939C-9102C142C9D7}"
EndProject
Project("{2150E333-8FDC-42A3-9474-1A3956D46DE8}") = "Solution Items", "Solution Items", "{CA1668AE-DE5F-47D3-AFA5-53C30BBC7F76}"
	ProjectSection(SolutionItems) = preProject
		README.md = README.md
	EndProjectSection
EndProject
Global
	GlobalSection(SolutionConfigurationPlatforms) = preSolution
		Debug|Any CPU = Debug|Any CPU
		Release|Any CPU = Release|Any CPU
	EndGlobalSection
	GlobalSection(ProjectConfigurationPlatforms) = postSolution
		{45B6CDF0-04A4-4DC7-939C-9102C142C9D7}.Debug|Any CPU.ActiveCfg = Debug|Any CPU
		{45B6CDF0-04A4-4DC7-939C-9102C142C9D7}.Debug|Any CPU.Build.0 = Debug|Any CPU
		{45B6CDF0-04A4-4DC7-939C-9102C142C9D7}.Release|Any CPU.ActiveCfg = Release|Any CPU
		{45B6CDF0-04A4-4DC7-939C-9102C142C9D7}.Release|Any CPU.Build.0 = Release|Any CPU
	EndGlobalSection
	GlobalSection(SolutionProperties) = preSolution
		HideSolutionNode = FALSE
	EndGlobalSection
	GlobalSection(ExtensibilityGlobals) = postSolution
		SolutionGuid = {24CD95D0-E9D1-4E5E-A7B8-1FDA018C9FFA}
	EndGlobalSection
EndGlobal
